<?xml version="1.0" encoding="utf-8"?>
<Project ToolsVersion="4.0" xmlns="http://schemas.microsoft.com/developer/msbuild/2003">
  <ItemGroup>
    <ClCompile Include="src\ofApp.cpp">
      <Filter>src</Filter>
    </ClCompile>
    <ClCompile Include="src\main.cpp">
      <Filter>src</Filter>
    </ClCompile>
  </ItemGroup>
  <ItemGroup>
    <Filter Include="src">
      <UniqueIdentifier>{d8376475-7454-4a24-b08a-aac121d3ad6f}</UniqueIdentifier>
    </Filter>
    <Filter Include="shaders">
      <UniqueIdentifier>{8112424a-9e0b-4e75-931f-a6d5cdf47e1f}</UniqueIdentifier>
    </Filter>
    <Filter Include="shaders_gl3">
      <UniqueIdentifier>{2875c5c0-c98f-40e0-bd5a-23769bd78f9a}</UniqueIdentifier>
    </Filter>
  </ItemGroup>
  <ItemGroup>
    <ClInclude Include="src\ofApp.h">
      <Filter>src</Filter>
    </ClInclude>
  </ItemGroup>
  <ItemGroup>
    <ResourceCompile Include="icon.rc" />
  </ItemGroup>
  <ItemGroup>
    <None Include="bin\data\shaders\bodyIndex.vert">
      <Filter>shaders</Filter>
    </None>
    <None Include="bin\data\shaders\bodyIndex.frag">
      <Filter>shaders</Filter>
    </None>
    <None Include="bin\data\shaders_gl3\bodyIndex.frag">
      <Filter>shaders_gl3</Filter>
    </None>
    <None Include="bin\data\shaders_gl3\bodyIndex.vert">
      <Filter>shaders_gl3</Filter>
    </None>
  </ItemGroup>
</Project>